
Microsoft Visual Studio Solution File, Format Version 12.00
# Visual Studio Version 17
VisualStudioVersion = 17.4.32804.182
MinimumVisualStudioVersion = 10.0.40219.1
Project("{FAE04EC0-301F-11D3-BF4B-00C04F79EFBC}") = "ToDoApp.Android", "ToDoApp\ToDoApp.Android\ToDoApp.Android.csproj", "{F1318680-79B8-4EE8-8ABD-BF2EF4DEB200}"
EndProject
Project("{FAE04EC0-301F-11D3-BF4B-00C04F79EFBC}") = "ToDoApp.iOS", "ToDoApp\ToDoApp.iOS\ToDoApp.iOS.csproj", "{9DB463D1-2C77-48B1-9D65-486E3C84DF15}"
EndProject
Project("{9A19103F-16F7-4668-BE54-9A1E7A4F7556}") = "ToDoApp", "ToDoApp\ToDoApp\ToDoApp.csproj", "{588EBDA5-B4B8-4DD0-9177-AB1EF4AFB57E}"
EndProject
Project("{FAE04EC0-301F-11D3-BF4B-00C04F79EFBC}") = "ToDoApp.UWP", "ToDoApp\ToDoApp.UWP\ToDoApp.UWP.csproj", "{4B0F8383-E228-43C9-9CA7-708EF101ECEA}"
EndProject
Global
	GlobalSection(SolutionConfigurationPlatforms) = preSolution
		Debug|Any CPU = Debug|Any CPU
		Debug|ARM = Debug|ARM
		Debug|iPhone = Debug|iPhone
		Debug|iPhoneSimulator = Debug|iPhoneSimulator
		Debug|x64 = Debug|x64
		Debug|x86 = Debug|x86
		Release|Any CPU = Release|Any CPU
		Release|ARM = Release|ARM
		Release|iPhone = Release|iPhone
		Release|iPhoneSimulator = Release|iPhoneSimulator
		Release|x64 = Release|x64
		Release|x86 = Release|x86
	EndGlobalSection
	GlobalSection(ProjectConfigurationPlatforms) = postSolution
		{F1318680-79B8-4EE8-8ABD-BF2EF4DEB200}.Debug|Any CPU.ActiveCfg = Debug|Any CPU
		{F1318680-79B8-4EE8-8ABD-BF2EF4DEB200}.Debug|Any CPU.Build.0 = Debug|Any CPU
		{F1318680-79B8-4EE8-8ABD-BF2EF4DEB200}.Debug|Any CPU.Deploy.0 = Debug|Any CPU
		{F1318680-79B8-4EE8-8ABD-BF2EF4DEB200}.Debug|ARM.ActiveCfg = Debug|Any CPU
		{F1318680-79B8-4EE8-8ABD-BF2EF4DEB200}.Debug|ARM.Build.0 = Debug|Any CPU
		{F1318680-79B8-4EE8-8ABD-BF2EF4DEB200}.Debug|ARM.Deploy.0 = Debug|Any CPU
		{F1318680-79B8-4EE8-8ABD-BF2EF4DEB200}.Debug|iPhone.ActiveCfg = Debug|Any CPU
		{F1318680-79B8-4EE8-8ABD-BF2EF4DEB200}.Debug|iPhone.Build.0 = Debug|Any CPU
		{F1318680-79B8-4EE8-8ABD-BF2EF4DEB200}.Debug|iPhone.Deploy.0 = Debug|Any CPU
		{F1318680-79B8-4EE8-8ABD-BF2EF4DEB200}.Debug|iPhoneSimulator.ActiveCfg = Debug|Any CPU
		{F1318680-79B8-4EE8-8ABD-BF2EF4DEB200}.Debug|iPhoneSimulator.Build.0 = Debug|Any CPU
		{F1318680-79B8-4EE8-8ABD-BF2EF4DEB200}.Debug|iPhoneSimulator.Deploy.0 = Debug|Any CPU
		{F1318680-79B8-4EE8-8ABD-BF2EF4DEB200}.Debug|x64.ActiveCfg = Debug|Any CPU
		{F1318680-79B8-4EE8-8ABD-BF2EF4DEB200}.Debug|x64.Build.0 = Debug|Any CPU
		{F1318680-79B8-4EE8-8ABD-BF2EF4DEB200}.Debug|x64.Deploy.0 = Debug|Any CPU
		{F1318680-79B8-4EE8-8ABD-BF2EF4DEB200}.Debug|x86.ActiveCfg = Debug|Any CPU
		{F1318680-79B8-4EE8-8ABD-BF2EF4DEB200}.Debug|x86.Build.0 = Debug|Any CPU
		{F1318680-79B8-4EE8-8ABD-BF2EF4DEB200}.Debug|x86.Deploy.0 = Debug|Any CPU
		{F1318680-79B8-4EE8-8ABD-BF2EF4DEB200}.Release|Any CPU.ActiveCfg = Release|Any CPU
		{F1318680-79B8-4EE8-8ABD-BF2EF4DEB200}.Release|Any CPU.Build.0 = Release|Any CPU
		{F1318680-79B8-4EE8-8ABD-BF2EF4DEB200}.Release|Any CPU.Deploy.0 = Release|Any CPU
		{F1318680-79B8-4EE8-8ABD-BF2EF4DEB200}.Release|ARM.ActiveCfg = Release|Any CPU
		{F1318680-79B8-4EE8-8ABD-BF2EF4DEB200}.Release|ARM.Build.0 = Release|Any CPU
		{F1318680-79B8-4EE8-8ABD-BF2EF4DEB200}.Release|ARM.Deploy.0 = Release|Any CPU
		{F1318680-79B8-4EE8-8ABD-BF2EF4DEB200}.Release|iPhone.ActiveCfg = Release|Any CPU
		{F1318680-79B8-4EE8-8ABD-BF2EF4DEB200}.Release|iPhone.Build.0 = Release|Any CPU
		{F1318680-79B8-4EE8-8ABD-BF2EF4DEB200}.Release|iPhone.Deploy.0 = Release|Any CPU
		{F1318680-79B8-4EE8-8ABD-BF2EF4DEB200}.Release|iPhoneSimulator.ActiveCfg = Release|Any CPU
		{F1318680-79B8-4EE8-8ABD-BF2EF4DEB200}.Release|iPhoneSimulator.Build.0 = Release|Any CPU
		{F1318680-79B8-4EE8-8ABD-BF2EF4DEB200}.Release|iPhoneSimulator.Deploy.0 = Release|Any CPU
		{F1318680-79B8-4EE8-8ABD-BF2EF4DEB200}.Release|x64.ActiveCfg = Release|Any CPU
		{F1318680-79B8-4EE8-8ABD-BF2EF4DEB200}.Release|x64.Build.0 = Release|Any CPU
		{F1318680-79B8-4EE8-8ABD-BF2EF4DEB200}.Release|x64.Deploy.0 = Release|Any CPU
		{F1318680-79B8-4EE8-8ABD-BF2EF4DEB200}.Release|x86.ActiveCfg = Release|Any CPU
		{F1318680-79B8-4EE8-8ABD-BF2EF4DEB200}.Release|x86.Build.0 = Release|Any CPU
		{F1318680-79B8-4EE8-8ABD-BF2EF4DEB200}.Release|x86.Deploy.0 = Release|Any CPU
		{9DB463D1-2C77-48B1-9D65-486E3C84DF15}.Debug|Any CPU.ActiveCfg = Debug|iPhone
		{9DB463D1-2C77-48B1-9D65-486E3C84DF15}.Debug|Any CPU.Build.0 = Debug|iPhone
		{9DB463D1-2C77-48B1-9D65-486E3C84DF15}.Debug|Any CPU.Deploy.0 = Debug|iPhone
		{9DB463D1-2C77-48B1-9D65-486E3C84DF15}.Debug|ARM.ActiveCfg = Debug|iPhoneSimulator
		{9DB463D1-2C77-48B1-9D65-486E3C84DF15}.Debug|ARM.Build.0 = Debug|iPhoneSimulator
		{9DB463D1-2C77-48B1-9D65-486E3C84DF15}.Debug|iPhone.ActiveCfg = Debug|iPhone
		{9DB463D1-2C77-48B1-9D65-486E3C84DF15}.Debug|iPhone.Build.0 = Debug|iPhone
		{9DB463D1-2C77-48B1-9D65-486E3C84DF15}.Debug|iPhone.Deploy.0 = Debug|iPhone
		{9DB463D1-2C77-48B1-9D65-486E3C84DF15}.Debug|iPhoneSimulator.ActiveCfg = Debug|iPhoneSimulator
		{9DB463D1-2C77-48B1-9D65-486E3C84DF15}.Debug|iPhoneSimulator.Build.0 = Debug|iPhoneSimulator
		{9DB463D1-2C77-48B1-9D65-486E3C84DF15}.Debug|iPhoneSimulator.Deploy.0 = Debug|iPhoneSimulator
		{9DB463D1-2C77-48B1-9D65-486E3C84DF15}.Debug|x64.ActiveCfg = Debug|iPhoneSimulator
		{9DB463D1-2C77-48B1-9D65-486E3C84DF15}.Debug|x64.Build.0 = Debug|iPhoneSimulator
		{9DB463D1-2C77-48B1-9D65-486E3C84DF15}.Debug|x86.ActiveCfg = Debug|iPhoneSimulator
		{9DB463D1-2C77-48B1-9D65-486E3C84DF15}.Debug|x86.Build.0 = Debug|iPhoneSimulator
		{9DB463D1-2C77-48B1-9D65-486E3C84DF15}.Release|Any CPU.ActiveCfg = Release|iPhoneSimulator
		{9DB463D1-2C77-48B1-9D65-486E3C84DF15}.Release|Any CPU.Build.0 = Release|iPhoneSimulator
		{9DB463D1-2C77-48B1-9D65-486E3C84DF15}.Release|Any CPU.Deploy.0 = Release|iPhoneSimulator
		{9DB463D1-2C77-48B1-9D65-486E3C84DF15}.Release|ARM.ActiveCfg = Release|iPhone
		{9DB463D1-2C77-48B1-9D65-486E3C84DF15}.Release|ARM.Build.0 = Release|iPhone
		{9DB463D1-2C77-48B1-9D65-486E3C84DF15}.Release|iPhone.ActiveCfg = Release|iPhone
		{9DB463D1-2C77-48B1-9D65-486E3C84DF15}.Release|iPhone.Build.0 = Release|iPhone
		{9DB463D1-2C77-48B1-9D65-486E3C84DF15}.Release|iPhone.Deploy.0 = Release|iPhone
		{9DB463D1-2C77-48B1-9D65-486E3C84DF15}.Release|iPhoneSimulator.ActiveCfg = Release|iPhoneSimulator
		{9DB463D1-2C77-48B1-9D65-486E3C84DF15}.Release|iPhoneSimulator.Build.0 = Release|iPhoneSimulator
		{9DB463D1-2C77-48B1-9D65-486E3C84DF15}.Release|iPhoneSimulator.Deploy.0 = Release|iPhoneSimulator
		{9DB463D1-2C77-48B1-9D65-486E3C84DF15}.Release|x64.ActiveCfg = Release|iPhone
		{9DB463D1-2C77-48B1-9D65-486E3C84DF15}.Release|x64.Build.0 = Release|iPhone
		{9DB463D1-2C77-48B1-9D65-486E3C84DF15}.Release|x86.ActiveCfg = Release|iPhone
		{9DB463D1-2C77-48B1-9D65-486E3C84DF15}.Release|x86.Build.0 = Release|iPhone
		{588EBDA5-B4B8-4DD0-9177-AB1EF4AFB57E}.Debug|Any CPU.ActiveCfg = Debug|Any CPU
		{588EBDA5-B4B8-4DD0-9177-AB1EF4AFB57E}.Debug|Any CPU.Build.0 = Debug|Any CPU
		{588EBDA5-B4B8-4DD0-9177-AB1EF4AFB57E}.Debug|Any CPU.Deploy.0 = Debug|Any CPU
		{588EBDA5-B4B8-4DD0-9177-AB1EF4AFB57E}.Debug|ARM.ActiveCfg = Debug|Any CPU
		{588EBDA5-B4B8-4DD0-9177-AB1EF4AFB57E}.Debug|ARM.Build.0 = Debug|Any CPU
		{588EBDA5-B4B8-4DD0-9177-AB1EF4AFB57E}.Debug|iPhone.ActiveCfg = Debug|Any CPU
		{588EBDA5-B4B8-4DD0-9177-AB1EF4AFB57E}.Debug|iPhone.Build.0 = Debug|Any CPU
		{588EBDA5-B4B8-4DD0-9177-AB1EF4AFB57E}.Debug|iPhone.Deploy.0 = Debug|Any CPU
		{588EBDA5-B4B8-4DD0-9177-AB1EF4AFB57E}.Debug|iPhoneSimulator.ActiveCfg = Debug|Any CPU
		{588EBDA5-B4B8-4DD0-9177-AB1EF4AFB57E}.Debug|iPhoneSimulator.Build.0 = Debug|Any CPU
		{588EBDA5-B4B8-4DD0-9177-AB1EF4AFB57E}.Debug|iPhoneSimulator.Deploy.0 = Debug|Any CPU
		{588EBDA5-B4B8-4DD0-9177-AB1EF4AFB57E}.Debug|x64.ActiveCfg = Debug|Any CPU
		{588EBDA5-B4B8-4DD0-9177-AB1EF4AFB57E}.Debug|x64.Build.0 = Debug|Any CPU
		{588EBDA5-B4B8-4DD0-9177-AB1EF4AFB57E}.Debug|x86.ActiveCfg = Debug|Any CPU
		{588EBDA5-B4B8-4DD0-9177-AB1EF4AFB57E}.Debug|x86.Build.0 = Debug|Any CPU
		{588EBDA5-B4B8-4DD0-9177-AB1EF4AFB57E}.Release|Any CPU.ActiveCfg = Release|Any CPU
		{588EBDA5-B4B8-4DD0-9177-AB1EF4AFB57E}.Release|Any CPU.Build.0 = Release|Any CPU
		{588EBDA5-B4B8-4DD0-9177-AB1EF4AFB57E}.Release|Any CPU.Deploy.0 = Release|Any CPU
		{588EBDA5-B4B8-4DD0-9177-AB1EF4AFB57E}.Release|ARM.ActiveCfg = Release|Any CPU
		{588EBDA5-B4B8-4DD0-9177-AB1EF4AFB57E}.Release|ARM.Build.0 = Release|Any CPU
		{588EBDA5-B4B8-4DD0-9177-AB1EF4AFB57E}.Release|iPhone.ActiveCfg = Release|Any CPU
		{588EBDA5-B4B8-4DD0-9177-AB1EF4AFB57E}.Release|iPhone.Build.0 = Release|Any CPU
		{588EBDA5-B4B8-4DD0-9177-AB1EF4AFB57E}.Release|iPhone.Deploy.0 = Release|Any CPU
		{588EBDA5-B4B8-4DD0-9177-AB1EF4AFB57E}.Release|iPhoneSimulator.ActiveCfg = Release|Any CPU
		{588EBDA5-B4B8-4DD0-9177-AB1EF4AFB57E}.Release|iPhoneSimulator.Build.0 = Release|Any CPU
		{588EBDA5-B4B8-4DD0-9177-AB1EF4AFB57E}.Release|iPhoneSimulator.Deploy.0 = Release|Any CPU
		{588EBDA5-B4B8-4DD0-9177-AB1EF4AFB57E}.Release|x64.ActiveCfg = Release|Any CPU
		{588EBDA5-B4B8-4DD0-9177-AB1EF4AFB57E}.Release|x64.Build.0 = Release|Any CPU
		{588EBDA5-B4B8-4DD0-9177-AB1EF4AFB57E}.Release|x86.ActiveCfg = Release|Any CPU
		{588EBDA5-B4B8-4DD0-9177-AB1EF4AFB57E}.Release|x86.Build.0 = Release|Any CPU
		{4B0F8383-E228-43C9-9CA7-708EF101ECEA}.Debug|Any CPU.ActiveCfg = Debug|x64
		{4B0F8383-E228-43C9-9CA7-708EF101ECEA}.Debug|Any CPU.Build.0 = Debug|x64
		{4B0F8383-E228-43C9-9CA7-708EF101ECEA}.Debug|Any CPU.Deploy.0 = Debug|x64
		{4B0F8383-E228-43C9-9CA7-708EF101ECEA}.Debug|ARM.ActiveCfg = Debug|ARM
		{4B0F8383-E228-43C9-9CA7-708EF101ECEA}.Debug|ARM.Build.0 = Debug|ARM
		{4B0F8383-E228-43C9-9CA7-708EF101ECEA}.Debug|ARM.Deploy.0 = Debug|ARM
		{4B0F8383-E228-43C9-9CA7-708EF101ECEA}.Debug|iPhone.ActiveCfg = Debug|x64
		{4B0F8383-E228-43C9-9CA7-708EF101ECEA}.Debug|iPhone.Build.0 = Debug|x64
		{4B0F8383-E228-43C9-9CA7-708EF101ECEA}.Debug|iPhone.Deploy.0 = Debug|x64
		{4B0F8383-E228-43C9-9CA7-708EF101ECEA}.Debug|iPhoneSimulator.ActiveCfg = Debug|x64
		{4B0F8383-E228-43C9-9CA7-708EF101ECEA}.Debug|iPhoneSimulator.Build.0 = Debug|x64
		{4B0F8383-E228-43C9-9CA7-708EF101ECEA}.Debug|iPhoneSimulator.Deploy.0 = Debug|x64
		{4B0F8383-E228-43C9-9CA7-708EF101ECEA}.Debug|x64.ActiveCfg = Debug|x64
		{4B0F8383-E228-43C9-9CA7-708EF101ECEA}.Debug|x64.Build.0 = Debug|x64
		{4B0F8383-E228-43C9-9CA7-708EF101ECEA}.Debug|x64.Deploy.0 = Debug|x64
		{4B0F8383-E228-43C9-9CA7-708EF101ECEA}.Debug|x86.ActiveCfg = Debug|x86
		{4B0F8383-E228-43C9-9CA7-708EF101ECEA}.Debug|x86.Build.0 = Debug|x86
		{4B0F8383-E228-43C9-9CA7-708EF101ECEA}.Debug|x86.Deploy.0 = Debug|x86
		{4B0F8383-E228-43C9-9CA7-708EF101ECEA}.Release|Any CPU.ActiveCfg = Release|x64
		{4B0F8383-E228-43C9-9CA7-708EF101ECEA}.Release|Any CPU.Build.0 = Release|x64
		{4B0F8383-E228-43C9-9CA7-708EF101ECEA}.Release|Any CPU.Deploy.0 = Release|x64
		{4B0F8383-E228-43C9-9CA7-708EF101ECEA}.Release|ARM.ActiveCfg = Release|ARM
		{4B0F8383-E228-43C9-9CA7-708EF101ECEA}.Release|ARM.Build.0 = Release|ARM
		{4B0F8383-E228-43C9-9CA7-708EF101ECEA}.Release|ARM.Deploy.0 = Release|ARM
		{4B0F8383-E228-43C9-9CA7-708EF101ECEA}.Release|iPhone.ActiveCfg = Release|x64
		{4B0F8383-E228-43C9-9CA7-708EF101ECEA}.Release|iPhone.Build.0 = Release|x64
		{4B0F8383-E228-43C9-9CA7-708EF101ECEA}.Release|iPhone.Deploy.0 = Release|x64
		{4B0F8383-E228-43C9-9CA7-708EF101ECEA}.Release|iPhoneSimulator.ActiveCfg = Release|x64
		{4B0F8383-E228-43C9-9CA7-708EF101ECEA}.Release|iPhoneSimulator.Build.0 = Release|x64
		{4B0F8383-E228-43C9-9CA7-708EF101ECEA}.Release|iPhoneSimulator.Deploy.0 = Release|x64
		{4B0F8383-E228-43C9-9CA7-708EF101ECEA}.Release|x64.ActiveCfg = Release|x64
		{4B0F8383-E228-43C9-9CA7-708EF101ECEA}.Release|x64.Build.0 = Release|x64
		{4B0F8383-E228-43C9-9CA7-708EF101ECEA}.Release|x64.Deploy.0 = Release|x64
		{4B0F8383-E228-43C9-9CA7-708EF101ECEA}.Release|x86.ActiveCfg = Release|x86
		{4B0F8383-E228-43C9-9CA7-708EF101ECEA}.Release|x86.Build.0 = Release|x86
		{4B0F8383-E228-43C9-9CA7-708EF101ECEA}.Release|x86.Deploy.0 = Release|x86
	EndGlobalSection
	GlobalSection(SolutionProperties) = preSolution
		HideSolutionNode = FALSE
	EndGlobalSection
	GlobalSection(ExtensibilityGlobals) = postSolution
		SolutionGuid = {F4AA0A3D-5419-4EAF-9029-1C4353140CA1}
	EndGlobalSection
EndGlobal
